// !$*UTF8*$!
{
	archiveVersion = 1;
	classes = {
	};
	objectVersion = 56;
	objects = {

/* Begin PBXBuildFile section */
		6A5B79142ABB2111001E5075 /* AlgoDemoDS.swift in Sources */ = {isa = PBXBuildFile; fileRef = 6A5B79132ABB2111001E5075 /* AlgoDemoDS.swift */; };
		6A71F9E32AB9AED0002C4506 /* AppDelegate.swift in Sources */ = {isa = PBXBuildFile; fileRef = 6A71F9E22AB9AED0002C4506 /* AppDelegate.swift */; };
		6A71F9E52AB9AED0002C4506 /* SceneDelegate.swift in Sources */ = {isa = PBXBuildFile; fileRef = 6A71F9E42AB9AED0002C4506 /* SceneDelegate.swift */; };
		6A71F9E72AB9AED0002C4506 /* ViewController.swift in Sources */ = {isa = PBXBuildFile; fileRef = 6A71F9E62AB9AED0002C4506 /* ViewController.swift */; };
		6A71F9EA2AB9AED0002C4506 /* Main.storyboard in Resources */ = {isa = PBXBuildFile; fileRef = 6A71F9E82AB9AED0002C4506 /* Main.storyboard */; };
		6A71F9EC2AB9AED3002C4506 /* Assets.xcassets in Resources */ = {isa = PBXBuildFile; fileRef = 6A71F9EB2AB9AED3002C4506 /* Assets.xcassets */; };
		6A71F9EF2AB9AED3002C4506 /* LaunchScreen.storyboard in Resources */ = {isa = PBXBuildFile; fileRef = 6A71F9ED2AB9AED3002C4506 /* LaunchScreen.storyboard */; };
		6A71F9F82AB9AEF7002C4506 /* CacheManager.swift in Sources */ = {isa = PBXBuildFile; fileRef = 6A71F9F72AB9AEF7002C4506 /* CacheManager.swift */; };
		6A71F9FA2AB9B148002C4506 /* FileManager.swift in Sources */ = {isa = PBXBuildFile; fileRef = 6A71F9F92AB9B148002C4506 /* FileManager.swift */; };
/* End PBXBuildFile section */

/* Begin PBXFileReference section */
		6A5B79132ABB2111001E5075 /* AlgoDemoDS.swift */ = {isa = PBXFileReference; lastKnownFileType = sourcecode.swift; path = AlgoDemoDS.swift; sourceTree = "<group>"; };
		6A71F9DF2AB9AED0002C4506 /* LocalCacheExample.app */ = {isa = PBXFileReference; explicitFileType = wrapper.application; includeInIndex = 0; path = LocalCacheExample.app; sourceTree = BUILT_PRODUCTS_DIR; };
		6A71F9E22AB9AED0002C4506 /* AppDelegate.swift */ = {isa = PBXFileReference; lastKnownFileType = sourcecode.swift; path = AppDelegate.swift; sourceTree = "<group>"; };
		6A71F9E42AB9AED0002C4506 /* SceneDelegate.swift */ = {isa = PBXFileReference; lastKnownFileType = sourcecode.swift; path = SceneDelegate.swift; sourceTree = "<group>"; };
		6A71F9E62AB9AED0002C4506 /* ViewController.swift */ = {isa = PBXFileReference; lastKnownFileType = sourcecode.swift; path = ViewController.swift; sourceTree = "<group>"; };
		6A71F9E92AB9AED0002C4506 /* Base */ = {isa = PBXFileReference; lastKnownFileType = file.storyboard; name = Base; path = Base.lproj/Main.storyboard; sourceTree = "<group>"; };
		6A71F9EB2AB9AED3002C4506 /* Assets.xcassets */ = {isa = PBXFileReference; lastKnownFileType = folder.assetcatalog; path = Assets.xcassets; sourceTree = "<group>"; };
		6A71F9EE2AB9AED3002C4506 /* Base */ = {isa = PBXFileReference; lastKnownFileType = file.storyboard; name = Base; path = Base.lproj/LaunchScreen.storyboard; sourceTree = "<group>"; };
		6A71F9F02AB9AED3002C4506 /* Info.plist */ = {isa = PBXFileReference; lastKnownFileType = text.plist.xml; path = Info.plist; sourceTree = "<group>"; };
		6A71F9F72AB9AEF7002C4506 /* CacheManager.swift */ = {isa = PBXFileReference; lastKnownFileType = sourcecode.swift; path = CacheManager.swift; sourceTree = "<group>"; };
		6A71F9F92AB9B148002C4506 /* FileManager.swift */ = {isa = PBXFileReference; lastKnownFileType = sourcecode.swift; path = FileManager.swift; sourceTree = "<group>"; };
/* End PBXFileReference section */

/* Begin PBXFrameworksBuildPhase section */
		6A71F9DC2AB9AED0002C4506 /* Frameworks */ = {
			isa = PBXFrameworksBuildPhase;
			buildActionMask = 2147483647;
			files = (
			);
			runOnlyForDeploymentPostprocessing = 0;
		};
/* End PBXFrameworksBuildPhase section */

/* Begin PBXGroup section */
		6A71F9D62AB9AED0002C4506 = {
			isa = PBXGroup;
			children = (
				6A71F9E12AB9AED0002C4506 /* LocalCacheExample */,
				6A71F9E02AB9AED0002C4506 /* Products */,
			);
			sourceTree = "<group>";
		};
		6A71F9E02AB9AED0002C4506 /* Products */ = {
			isa = PBXGroup;
			children = (
				6A71F9DF2AB9AED0002C4506 /* LocalCacheExample.app */,
			);
			name = Products;
			sourceTree = "<group>";
		};
		6A71F9E12AB9AED0002C4506 /* LocalCacheExample */ = {
			isa = PBXGroup;
			children = (
				6A71F9E22AB9AED0002C4506 /* AppDelegate.swift */,
				6A71F9E42AB9AED0002C4506 /* SceneDelegate.swift */,
				6A5B79132ABB2111001E5075 /* AlgoDemoDS.swift */,
				6A71F9E62AB9AED0002C4506 /* ViewController.swift */,
				6A71F9F62AB9AEE4002C4506 /* cache */,
				6A71F9E82AB9AED0002C4506 /* Main.storyboard */,
				6A71F9EB2AB9AED3002C4506 /* Assets.xcassets */,
				6A71F9ED2AB9AED3002C4506 /* LaunchScreen.storyboard */,
				6A71F9F02AB9AED3002C4506 /* Info.plist */,
			);
			path = LocalCacheExample;
			sourceTree = "<group>";
		};
		6A71F9F62AB9AEE4002C4506 /* cache */ = {
			isa = PBXGroup;
			children = (
				6A71F9F72AB9AEF7002C4506 /* CacheManager.swift */,
				6A71F9F92AB9B148002C4506 /* FileManager.swift */,
			);
			path = cache;
			sourceTree = "<group>";
		};
/* End PBXGroup section */

/* Begin PBXNativeTarget section */
		6A71F9DE2AB9AED0002C4506 /* LocalCacheExample */ = {
			isa = PBXNativeTarget;
			buildConfigurationList = 6A71F9F32AB9AED3002C4506 /* Build configuration list for PBXNativeTarget "LocalCacheExample" */;
			buildPhases = (
				6A71F9DB2AB9AED0002C4506 /* Sources */,
				6A71F9DC2AB9AED0002C4506 /* Frameworks */,
				6A71F9DD2AB9AED0002C4506 /* Resources */,
			);
			buildRules = (
			);
			dependencies = (
			);
			name = LocalCacheExample;
			productName = LocalCacheExample;
			productReference = 6A71F9DF2AB9AED0002C4506 /* LocalCacheExample.app */;
			productType = "com.apple.product-type.application";
		};
/* End PBXNativeTarget section */

/* Begin PBXProject section */
		6A71F9D72AB9AED0002C4506 /* Project object */ = {
			isa = PBXProject;
			attributes = {
				BuildIndependentTargetsInParallel = 1;
				LastSwiftUpdateCheck = 1410;
				LastUpgradeCheck = 1410;
				TargetAttributes = {
					6A71F9DE2AB9AED0002C4506 = {
						CreatedOnToolsVersion = 14.1;
					};
				};
			};
			buildConfigurationList = 6A71F9DA2AB9AED0002C4506 /* Build configuration list for PBXProject "LocalCacheExample" */;
			compatibilityVersion = "Xcode 14.0";
			developmentRegion = en;
			hasScannedForEncodings = 0;
			knownRegions = (
				en,
				Base,
			);
			mainGroup = 6A71F9D62AB9AED0002C4506;
			productRefGroup = 6A71F9E02AB9AED0002C4506 /* Products */;
			projectDirPath = "";
			projectRoot = "";
			targets = (
				6A71F9DE2AB9AED0002C4506 /* LocalCacheExample */,
			);
		};
/* End PBXProject section */

/* Begin PBXResourcesBuildPhase section */
		6A71F9DD2AB9AED0002C4506 /* Resources */ = {
			isa = PBXResourcesBuildPhase;
			buildActionMask = 2147483647;
			files = (
				6A71F9EF2AB9AED3002C4506 /* LaunchScreen.storyboard in Resources */,
				6A71F9EC2AB9AED3002C4506 /* Assets.xcassets in Resources */,
				6A71F9EA2AB9AED0002C4506 /* Main.storyboard in Resources */,
			);
			runOnlyForDeploymentPostprocessing = 0;
		};
/* End PBXResourcesBuildPhase section */

/* Begin PBXSourcesBuildPhase section */
		6A71F9DB2AB9AED0002C4506 /* Sources */ = {
			isa = PBXSourcesBuildPhase;
			buildActionMask = 2147483647;
			files = (
				6A71F9FA2AB9B148002C4506 /* FileManager.swift in Sources */,
				6A71F9F82AB9AEF7002C4506 /* CacheManager.swift in Sources */,
				6A5B79142ABB2111001E5075 /* AlgoDemoDS.swift in Sources */,
				6A71F9E72AB9AED0002C4506 /* ViewController.swift in Sources */,
				6A71F9E32AB9AED0002C4506 /* AppDelegate.swift in Sources */,
				6A71F9E52AB9AED0002C4506 /* SceneDelegate.swift in Sources */,
			);
			runOnlyForDeploymentPostprocessing = 0;
		};
/* End PBXSourcesBuildPhase section */

/* Begin PBXVariantGroup section */
		6A71F9E82AB9AED0002C4506 /* Main.storyboard */ = {
			isa = PBXVariantGroup;
			children = (
				6A71F9E92AB9AED0002C4506 /* Base */,
			);
			name = Main.storyboard;
			sourceTree = "<group>";
		};
		6A71F9ED2AB9AED3002C4506 /* LaunchScreen.storyboard */ = {
			isa = PBXVariantGroup;
			children = (
				6A71F9EE2AB9AED3002C4506 /* Base */,
			);
			name = LaunchScreen.storyboard;
			sourceTree = "<group>";
		};
/* End PBXVariantGroup section */

/* Begin XCBuildConfiguration section */
		6A71F9F12AB9AED3002C4506 /* Debug */ = {
			isa = XCBuildConfiguration;
			buildSettings = {
				ALWAYS_SEARCH_USER_PATHS = NO;
				CLANG_ANALYZER_NONNULL = YES;
				CLANG_ANALYZER_NUMBER_OBJECT_CONVERSION = YES_AGGRESSIVE;
				CLANG_CXX_LANGUAGE_STANDARD = "gnu++20";
				CLANG_ENABLE_MODULES = YES;
				CLANG_ENABLE_OBJC_ARC = YES;
				CLANG_ENABLE_OBJC_WEAK = YES;
				CLANG_WARN_BLOCK_CAPTURE_AUTORELEASING = YES;
				CLANG_WARN_BOOL_CONVERSION = YES;
				CLANG_WARN_COMMA = YES;
				CLANG_WARN_CONSTANT_CONVERSION = YES;
				CLANG_WARN_DEPRECATED_OBJC_IMPLEMENTATIONS = YES;
				CLANG_WARN_DIRECT_OBJC_ISA_USAGE = YES_ERROR;
				CLANG_WARN_DOCUMENTATION_COMMENTS = YES;
				CLANG_WARN_EMPTY_BODY = YES;
				CLANG_WARN_ENUM_CONVERSION = YES;
				CLANG_WARN_INFINITE_RECURSION = YES;
				CLANG_WARN_INT_CONVERSION = YES;
				CLANG_WARN_NON_LITERAL_NULL_CONVERSION = YES;
				CLANG_WARN_OBJC_IMPLICIT_RETAIN_SELF = YES;
				CLANG_WARN_OBJC_LITERAL_CONVERSION = YES;
				CLANG_WARN_OBJC_ROOT_CLASS = YES_ERROR;
				CLANG_WARN_QUOTED_INCLUDE_IN_FRAMEWORK_HEADER = YES;
				CLANG_WARN_RANGE_LOOP_ANALYSIS = YES;
				CLANG_WARN_STRICT_PROTOTYPES = YES;
				CLANG_WARN_SUSPICIOUS_MOVE = YES;
				CLANG_WARN_UNGUARDED_AVAILABILITY = YES_AGGRESSIVE;
				CLANG_WARN_UNREACHABLE_CODE = YES;
				CLANG_WARN__DUPLICATE_METHOD_MATCH = YES;
				COPY_PHASE_STRIP = NO;
				DEBUG_INFORMATION_FORMAT = dwarf;
				ENABLE_STRICT_OBJC_MSGSEND = YES;
				ENABLE_TESTABILITY = YES;
				GCC_C_LANGUAGE_STANDARD = gnu11;
				GCC_DYNAMIC_NO_PIC = NO;
				GCC_NO_COMMON_BLOCKS = YES;
				GCC_OPTIMIZATION_LEVEL = 0;
				GCC_PREPROCESSOR_DEFINITIONS = (
					"DEBUG=1",
					"$(inherited)",
				);
				GCC_WARN_64_TO_32_BIT_CONVERSION = YES;
				GCC_WARN_ABOUT_RETURN_TYPE = YES_ERROR;
				GCC_WARN_UNDECLARED_SELECTOR = YES;
				GCC_WARN_UNINITIALIZED_AUTOS = YES_AGGRESSIVE;
				GCC_WARN_UNUSED_FUNCTION = YES;
				GCC_WARN_UNUSED_VARIABLE = YES;
				IPHONEOS_DEPLOYMENT_TARGET = 16.1;
				MTL_ENABLE_DEBUG_INFO = INCLUDE_SOURCE;
				MTL_FAST_MATH = YES;
				ONLY_ACTIVE_ARCH = YES;
				SDKROOT = iphoneos;
				SWIFT_ACTIVE_COMPILATION_CONDITIONS = DEBUG;
				SWIFT_OPTIMIZATION_LEVEL = "-Onone";
			};
			name = Debug;
		};
		6A71F9F22AB9AED3002C4506 /* Release */ = {
			isa = XCBuildConfiguration;
			buildSettings = {
				ALWAYS_SEARCH_USER_PATHS = NO;
				CLANG_ANALYZER_NONNULL = YES;
				CLANG_ANALYZER_NUMBER_OBJECT_CONVERSION = YES_AGGRESSIVE;
				CLANG_CXX_LANGUAGE_STANDARD = "gnu++20";
				CLANG_ENABLE_MODULES = YES;
				CLANG_ENABLE_OBJC_ARC = YES;
				CLANG_ENABLE_OBJC_WEAK = YES;
				CLANG_WARN_BLOCK_CAPTURE_AUTORELEASING = YES;
				CLANG_WARN_BOOL_CONVERSION = YES;
				CLANG_WARN_COMMA = YES;
				CLANG_WARN_CONSTANT_CONVERSION = YES;
				CLANG_WARN_DEPRECATED_OBJC_IMPLEMENTATIONS = YES;
				CLANG_WARN_DIRECT_OBJC_ISA_USAGE = YES_ERROR;
				CLANG_WARN_DOCUMENTATION_COMMENTS = YES;
				CLANG_WARN_EMPTY_BODY = YES;
				CLANG_WARN_ENUM_CONVERSION = YES;
				CLANG_WARN_INFINITE_RECURSION = YES;
				CLANG_WARN_INT_CONVERSION = YES;
				CLANG_WARN_NON_LITERAL_NULL_CONVERSION = YES;
				CLANG_WARN_OBJC_IMPLICIT_RETAIN_SELF = YES;
				CLANG_WARN_OBJC_LITERAL_CONVERSION = YES;
				CLANG_WARN_OBJC_ROOT_CLASS = YES_ERROR;
				CLANG_WARN_QUOTED_INCLUDE_IN_FRAMEWORK_HEADER = YES;
				CLANG_WARN_RANGE_LOOP_ANALYSIS = YES;
				CLANG_WARN_STRICT_PROTOTYPES = YES;
				CLANG_WARN_SUSPICIOUS_MOVE = YES;
				CLANG_WARN_UNGUARDED_AVAILABILITY = YES_AGGRESSIVE;
				CLANG_WARN_UNREACHABLE_CODE = YES;
				CLANG_WARN__DUPLICATE_METHOD_MATCH = YES;
				COPY_PHASE_STRIP = NO;
				DEBUG_INFORMATION_FORMAT = "dwarf-with-dsym";
				ENABLE_NS_ASSERTIONS = NO;
				ENABLE_STRICT_OBJC_MSGSEND = YES;
				GCC_C_LANGUAGE_STANDARD = gnu11;
				GCC_NO_COMMON_BLOCKS = YES;
				GCC_WARN_64_TO_32_BIT_CONVERSION = YES;
				GCC_WARN_ABOUT_RETURN_TYPE = YES_ERROR;
				GCC_WARN_UNDECLARED_SELECTOR = YES;
				GCC_WARN_UNINITIALIZED_AUTOS = YES_AGGRESSIVE;
				GCC_WARN_UNUSED_FUNCTION = YES;
				GCC_WARN_UNUSED_VARIABLE = YES;
				IPHONEOS_DEPLOYMENT_TARGET = 16.1;
				MTL_ENABLE_DEBUG_INFO = NO;
				MTL_FAST_MATH = YES;
				SDKROOT = iphoneos;
				SWIFT_COMPILATION_MODE = wholemodule;
				SWIFT_OPTIMIZATION_LEVEL = "-O";
				VALIDATE_PRODUCT = YES;
			};
			name = Release;
		};
		6A71F9F42AB9AED3002C4506 /* Debug */ = {
			isa = XCBuildConfiguration;
			buildSettings = {
				ASSETCATALOG_COMPILER_APPICON_NAME = AppIcon;
				ASSETCATALOG_COMPILER_GLOBAL_ACCENT_COLOR_NAME = AccentColor;
				CODE_SIGN_STYLE = Automatic;
				CURRENT_PROJECT_VERSION = 1;
				GENERATE_INFOPLIST_FILE = YES;
				INFOPLIST_FILE = LocalCacheExample/Info.plist;
				INFOPLIST_KEY_UIApplicationSupportsIndirectInputEvents = YES;
				INFOPLIST_KEY_UILaunchStoryboardName = LaunchScreen;
				INFOPLIST_KEY_UIMainStoryboardFile = Main;
				INFOPLIST_KEY_UISupportedInterfaceOrientations = "UIInterfaceOrientationLandscapeLeft UIInterfaceOrientationPortrait";
				INFOPLIST_KEY_UISupportedInterfaceOrientations_iPad = "UIInterfaceOrientationLandscapeLeft UIInterfaceOrientationLandscapeRight UIInterfaceOrientationPortrait UIInterfaceOrientationPortraitUpsideDown";
				IPHONEOS_DEPLOYMENT_TARGET = 14.0;
				LD_RUNPATH_SEARCH_PATHS = (
					"$(inherited)",
					"@executable_path/Frameworks",
				);
				MARKETING_VERSION = 1.0;
				PRODUCT_BUNDLE_IDENTIFIER = test.LocalCacheExample;
				PRODUCT_NAME = "$(TARGET_NAME)";
				SUPPORTED_PLATFORMS = "iphoneos iphonesimulator";
				SUPPORTS_MACCATALYST = NO;
				SUPPORTS_MAC_DESIGNED_FOR_IPHONE_IPAD = NO;
				SWIFT_EMIT_LOC_STRINGS = YES;
				SWIFT_VERSION = 5.0;
				TARGETED_DEVICE_FAMILY = 1;
			};
			name = Debug;
		};
		6A71F9F52AB9AED3002C4506 /* Release */ = {
			isa = XCBuildConfiguration;
			buildSettings = {
				ASSETCATALOG_COMPILER_APPICON_NAME = AppIcon;
				ASSETCATALOG_COMPILER_GLOBAL_ACCENT_COLOR_NAME = AccentColor;
				CODE_SIGN_STYLE = Automatic;
				CURRENT_PROJECT_VERSION = 1;
				GENERATE_INFOPLIST_FILE = YES;
				INFOPLIST_FILE = LocalCacheExample/Info.plist;
				INFOPLIST_KEY_UIApplicationSupportsIndirectInputEvents = YES;
				INFOPLIST_KEY_UILaunchStoryboardName = LaunchScreen;
				INFOPLIST_KEY_UIMainStoryboardFile = Main;
				INFOPLIST_KEY_UISupportedInterfaceOrientations = "UIInterfaceOrientationLandscapeLeft UIInterfaceOrientationPortrait";
				INFOPLIST_KEY_UISupportedInterfaceOrientations_iPad = "UIInterfaceOrientationLandscapeLeft UIInterfaceOrientationLandscapeRight UIInterfaceOrientationPortrait UIInterfaceOrientationPortraitUpsideDown";
				IPHONEOS_DEPLOYMENT_TARGET = 14.0;
				LD_RUNPATH_SEARCH_PATHS = (
					"$(inherited)",
					"@executable_path/Frameworks",
				);
				MARKETING_VERSION = 1.0;
				PRODUCT_BUNDLE_IDENTIFIER = test.LocalCacheExample;
				PRODUCT_NAME = "$(TARGET_NAME)";
				SUPPORTED_PLATFORMS = "iphoneos iphonesimulator";
				SUPPORTS_MACCATALYST = NO;
				SUPPORTS_MAC_DESIGNED_FOR_IPHONE_IPAD = NO;
				SWIFT_EMIT_LOC_STRINGS = YES;
				SWIFT_VERSION = 5.0;
				TARGETED_DEVICE_FAMILY = 1;
			};
			name = Release;
		};
/* End XCBuildConfiguration section */

/* Begin XCConfigurationList section */
		6A71F9DA2AB9AED0002C4506 /* Build configuration list for PBXProject "LocalCacheExample" */ = {
			isa = XCConfigurationList;
			buildConfigurations = (
				6A71F9F12AB9AED3002C4506 /* Debug */,
				6A71F9F22AB9AED3002C4506 /* Release */,
			);
			defaultConfigurationIsVisible = 0;
			defaultConfigurationName = Release;
		};
		6A71F9F32AB9AED3002C4506 /* Build configuration list for PBXNativeTarget "LocalCacheExample" */ = {
			isa = XCConfigurationList;
			buildConfigurations = (
				6A71F9F42AB9AED3002C4506 /* Debug */,
				6A71F9F52AB9AED3002C4506 /* Release */,
			);
			defaultConfigurationIsVisible = 0;
			defaultConfigurationName = Release;
		};
/* End XCConfigurationList section */
	};
	rootObject = 6A71F9D72AB9AED0002C4506 /* Project object */;
}
